
Microsoft Visual Studio Solution File, Format Version 12.00
# Visual Studio Version 17
VisualStudioVersion = 17.4.33205.214
MinimumVisualStudioVersion = 10.0.40219.1
Project("{FAE04EC0-301F-11D3-BF4B-00C04F79EFBC}") = "task 2 perfect numper", "task 2 perfect numper\task 2 perfect numper.csproj", "{5965D439-FCD4-40A9-BE34-10BB96BBA7BA}"
EndProject
Global
	GlobalSection(SolutionConfigurationPlatforms) = preSolution
		Debug|Any CPU = Debug|Any CPU
		Release|Any CPU = Release|Any CPU
	EndGlobalSection
	GlobalSection(ProjectConfigurationPlatforms) = postSolution
		{5965D439-FCD4-40A9-BE34-10BB96BBA7BA}.Debug|Any CPU.ActiveCfg = Debug|Any CPU
		{5965D439-FCD4-40A9-BE34-10BB96BBA7BA}.Debug|Any CPU.Build.0 = Debug|Any CPU
		{5965D439-FCD4-40A9-BE34-10BB96BBA7BA}.Release|Any CPU.ActiveCfg = Release|Any CPU
		{5965D439-FCD4-40A9-BE34-10BB96BBA7BA}.Release|Any CPU.Build.0 = Release|Any CPU
	EndGlobalSection
	GlobalSection(SolutionProperties) = preSolution
		HideSolutionNode = FALSE
	EndGlobalSection
	GlobalSection(ExtensibilityGlobals) = postSolution
		SolutionGuid = {3B6D3F1F-1761-4A64-8B24-CF858BA3CC5B}
	EndGlobalSection
EndGlobal
